
Microsoft Visual Studio Solution File, Format Version 12.00
# Visual Studio Version 17
VisualStudioVersion = 17.5.33414.496
MinimumVisualStudioVersion = 10.0.40219.1
Project("{FAE04EC0-301F-11D3-BF4B-00C04F79EFBC}") = "Kres", "Kres\Kres.csproj", "{5FF33507-4180-4C56-80BF-7AEF3836BD63}"
EndProject
Global
	GlobalSection(SolutionConfigurationPlatforms) = preSolution
		Debug|Any CPU = Debug|Any CPU
		Release|Any CPU = Release|Any CPU
	EndGlobalSection
	GlobalSection(ProjectConfigurationPlatforms) = postSolution
		{5FF33507-4180-4C56-80BF-7AEF3836BD63}.Debug|Any CPU.ActiveCfg = Debug|Any CPU
		{5FF33507-4180-4C56-80BF-7AEF3836BD63}.Debug|Any CPU.Build.0 = Debug|Any CPU
		{5FF33507-4180-4C56-80BF-7AEF3836BD63}.Release|Any CPU.ActiveCfg = Release|Any CPU
		{5FF33507-4180-4C56-80BF-7AEF3836BD63}.Release|Any CPU.Build.0 = Release|Any CPU
	EndGlobalSection
	GlobalSection(SolutionProperties) = preSolution
		HideSolutionNode = FALSE
	EndGlobalSection
	GlobalSection(ExtensibilityGlobals) = postSolution
		SolutionGuid = {E4CA4383-817D-44B3-B263-D3409AD47FFE}
	EndGlobalSection
EndGlobal
